
Microsoft Visual Studio Solution File, Format Version 12.00
# Visual Studio 2013
VisualStudioVersion = 12.0.21005.1
MinimumVisualStudioVersion = 10.0.40219.1
Project("{F088123C-0E9E-452A-89E6-6BA2F21D5CAC}") = "UML", "UML\UML.modelproj", "{B659E0E2-3330-472F-A2C7-93C641C5FD18}"
EndProject
Project("{FAE04EC0-301F-11D3-BF4B-00C04F79EFBC}") = "Editor", "Editor\Editor.csproj", "{89322CCE-624D-489E-A157-06C0DD4A3719}"
EndProject
Project("{FAE04EC0-301F-11D3-BF4B-00C04F79EFBC}") = "EditorTest", "EditorTest\EditorTest.csproj", "{3A846B92-31B7-4602-BB8C-21FA6FC2E3FB}"
EndProject
Project("{FAE04EC0-301F-11D3-BF4B-00C04F79EFBC}") = "EditorUITest", "EditorUITest\EditorUITest.csproj", "{3C126B59-3163-481B-AD0F-FCA1ED7E42EE}"
	ProjectSection(ProjectDependencies) = postProject
		{89322CCE-624D-489E-A157-06C0DD4A3719} = {89322CCE-624D-489E-A157-06C0DD4A3719}
	EndProjectSection
EndProject
Project("{FAE04EC0-301F-11D3-BF4B-00C04F79EFBC}") = "PreviewController_TextEditorForm_Tests", "PreviewControllerUnitTest\PreviewController_TextEditorForm_Tests.csproj", "{BD3B2152-29F8-4583-80D6-B7353EBB6B7F}"
EndProject
Global
	GlobalSection(SolutionConfigurationPlatforms) = preSolution
		Debug|Any CPU = Debug|Any CPU
		Debug|Mixed Platforms = Debug|Mixed Platforms
		Debug|Win32 = Debug|Win32
		Release|Any CPU = Release|Any CPU
		Release|Mixed Platforms = Release|Mixed Platforms
		Release|Win32 = Release|Win32
		UITest|Any CPU = UITest|Any CPU
		UITest|Mixed Platforms = UITest|Mixed Platforms
		UITest|Win32 = UITest|Win32
	EndGlobalSection
	GlobalSection(ProjectConfigurationPlatforms) = postSolution
		{B659E0E2-3330-472F-A2C7-93C641C5FD18}.Debug|Any CPU.ActiveCfg = Debug|Any CPU
		{B659E0E2-3330-472F-A2C7-93C641C5FD18}.Debug|Any CPU.Build.0 = Debug|Any CPU
		{B659E0E2-3330-472F-A2C7-93C641C5FD18}.Debug|Mixed Platforms.ActiveCfg = Debug|Any CPU
		{B659E0E2-3330-472F-A2C7-93C641C5FD18}.Debug|Win32.ActiveCfg = Debug|Any CPU
		{B659E0E2-3330-472F-A2C7-93C641C5FD18}.Release|Any CPU.ActiveCfg = Release|Any CPU
		{B659E0E2-3330-472F-A2C7-93C641C5FD18}.Release|Any CPU.Build.0 = Release|Any CPU
		{B659E0E2-3330-472F-A2C7-93C641C5FD18}.Release|Mixed Platforms.ActiveCfg = Release|Any CPU
		{B659E0E2-3330-472F-A2C7-93C641C5FD18}.Release|Mixed Platforms.Build.0 = Release|Any CPU
		{B659E0E2-3330-472F-A2C7-93C641C5FD18}.Release|Win32.ActiveCfg = Release|Any CPU
		{B659E0E2-3330-472F-A2C7-93C641C5FD18}.UITest|Any CPU.ActiveCfg = Release|Any CPU
		{B659E0E2-3330-472F-A2C7-93C641C5FD18}.UITest|Any CPU.Build.0 = Release|Any CPU
		{B659E0E2-3330-472F-A2C7-93C641C5FD18}.UITest|Mixed Platforms.ActiveCfg = Release|Any CPU
		{B659E0E2-3330-472F-A2C7-93C641C5FD18}.UITest|Mixed Platforms.Build.0 = Release|Any CPU
		{B659E0E2-3330-472F-A2C7-93C641C5FD18}.UITest|Win32.ActiveCfg = Release|Any CPU
		{89322CCE-624D-489E-A157-06C0DD4A3719}.Debug|Any CPU.ActiveCfg = Debug|Any CPU
		{89322CCE-624D-489E-A157-06C0DD4A3719}.Debug|Any CPU.Build.0 = Debug|Any CPU
		{89322CCE-624D-489E-A157-06C0DD4A3719}.Debug|Mixed Platforms.ActiveCfg = Debug|Any CPU
		{89322CCE-624D-489E-A157-06C0DD4A3719}.Debug|Mixed Platforms.Build.0 = Debug|Any CPU
		{89322CCE-624D-489E-A157-06C0DD4A3719}.Debug|Win32.ActiveCfg = Debug|Any CPU
		{89322CCE-624D-489E-A157-06C0DD4A3719}.Release|Any CPU.ActiveCfg = Release|Any CPU
		{89322CCE-624D-489E-A157-06C0DD4A3719}.Release|Any CPU.Build.0 = Release|Any CPU
		{89322CCE-624D-489E-A157-06C0DD4A3719}.Release|Mixed Platforms.ActiveCfg = Release|Any CPU
		{89322CCE-624D-489E-A157-06C0DD4A3719}.Release|Mixed Platforms.Build.0 = Release|Any CPU
		{89322CCE-624D-489E-A157-06C0DD4A3719}.Release|Win32.ActiveCfg = Release|Any CPU
		{89322CCE-624D-489E-A157-06C0DD4A3719}.UITest|Any CPU.ActiveCfg = Release|Any CPU
		{89322CCE-624D-489E-A157-06C0DD4A3719}.UITest|Any CPU.Build.0 = Release|Any CPU
		{89322CCE-624D-489E-A157-06C0DD4A3719}.UITest|Mixed Platforms.ActiveCfg = Release|Any CPU
		{89322CCE-624D-489E-A157-06C0DD4A3719}.UITest|Mixed Platforms.Build.0 = Release|Any CPU
		{89322CCE-624D-489E-A157-06C0DD4A3719}.UITest|Win32.ActiveCfg = Release|Any CPU
		{3A846B92-31B7-4602-BB8C-21FA6FC2E3FB}.Debug|Any CPU.ActiveCfg = Debug|Any CPU
		{3A846B92-31B7-4602-BB8C-21FA6FC2E3FB}.Debug|Any CPU.Build.0 = Debug|Any CPU
		{3A846B92-31B7-4602-BB8C-21FA6FC2E3FB}.Debug|Mixed Platforms.ActiveCfg = Debug|Any CPU
		{3A846B92-31B7-4602-BB8C-21FA6FC2E3FB}.Debug|Mixed Platforms.Build.0 = Debug|Any CPU
		{3A846B92-31B7-4602-BB8C-21FA6FC2E3FB}.Debug|Win32.ActiveCfg = Debug|Any CPU
		{3A846B92-31B7-4602-BB8C-21FA6FC2E3FB}.Release|Any CPU.ActiveCfg = Release|Any CPU
		{3A846B92-31B7-4602-BB8C-21FA6FC2E3FB}.Release|Any CPU.Build.0 = Release|Any CPU
		{3A846B92-31B7-4602-BB8C-21FA6FC2E3FB}.Release|Mixed Platforms.ActiveCfg = Release|Any CPU
		{3A846B92-31B7-4602-BB8C-21FA6FC2E3FB}.Release|Mixed Platforms.Build.0 = Release|Any CPU
		{3A846B92-31B7-4602-BB8C-21FA6FC2E3FB}.Release|Win32.ActiveCfg = Release|Any CPU
		{3A846B92-31B7-4602-BB8C-21FA6FC2E3FB}.UITest|Any CPU.ActiveCfg = Release|Any CPU
		{3A846B92-31B7-4602-BB8C-21FA6FC2E3FB}.UITest|Any CPU.Build.0 = Release|Any CPU
		{3A846B92-31B7-4602-BB8C-21FA6FC2E3FB}.UITest|Mixed Platforms.ActiveCfg = Release|Any CPU
		{3A846B92-31B7-4602-BB8C-21FA6FC2E3FB}.UITest|Mixed Platforms.Build.0 = Release|Any CPU
		{3A846B92-31B7-4602-BB8C-21FA6FC2E3FB}.UITest|Win32.ActiveCfg = Release|Any CPU
		{3C126B59-3163-481B-AD0F-FCA1ED7E42EE}.Debug|Any CPU.ActiveCfg = Debug|Any CPU
		{3C126B59-3163-481B-AD0F-FCA1ED7E42EE}.Debug|Any CPU.Build.0 = Debug|Any CPU
		{3C126B59-3163-481B-AD0F-FCA1ED7E42EE}.Debug|Mixed Platforms.ActiveCfg = Debug|Any CPU
		{3C126B59-3163-481B-AD0F-FCA1ED7E42EE}.Debug|Mixed Platforms.Build.0 = Debug|Any CPU
		{3C126B59-3163-481B-AD0F-FCA1ED7E42EE}.Debug|Win32.ActiveCfg = Debug|Any CPU
		{3C126B59-3163-481B-AD0F-FCA1ED7E42EE}.Release|Any CPU.ActiveCfg = Release|Any CPU
		{3C126B59-3163-481B-AD0F-FCA1ED7E42EE}.Release|Any CPU.Build.0 = Release|Any CPU
		{3C126B59-3163-481B-AD0F-FCA1ED7E42EE}.Release|Mixed Platforms.ActiveCfg = Release|Any CPU
		{3C126B59-3163-481B-AD0F-FCA1ED7E42EE}.Release|Mixed Platforms.Build.0 = Release|Any CPU
		{3C126B59-3163-481B-AD0F-FCA1ED7E42EE}.Release|Win32.ActiveCfg = Release|Any CPU
		{3C126B59-3163-481B-AD0F-FCA1ED7E42EE}.UITest|Any CPU.ActiveCfg = UITest|Any CPU
		{3C126B59-3163-481B-AD0F-FCA1ED7E42EE}.UITest|Any CPU.Build.0 = UITest|Any CPU
		{3C126B59-3163-481B-AD0F-FCA1ED7E42EE}.UITest|Mixed Platforms.ActiveCfg = UITest|Any CPU
		{3C126B59-3163-481B-AD0F-FCA1ED7E42EE}.UITest|Mixed Platforms.Build.0 = UITest|Any CPU
		{3C126B59-3163-481B-AD0F-FCA1ED7E42EE}.UITest|Win32.ActiveCfg = UITest|Any CPU
		{BD3B2152-29F8-4583-80D6-B7353EBB6B7F}.Debug|Any CPU.ActiveCfg = Debug|Any CPU
		{BD3B2152-29F8-4583-80D6-B7353EBB6B7F}.Debug|Any CPU.Build.0 = Debug|Any CPU
		{BD3B2152-29F8-4583-80D6-B7353EBB6B7F}.Debug|Mixed Platforms.ActiveCfg = Debug|Any CPU
		{BD3B2152-29F8-4583-80D6-B7353EBB6B7F}.Debug|Mixed Platforms.Build.0 = Debug|Any CPU
		{BD3B2152-29F8-4583-80D6-B7353EBB6B7F}.Debug|Win32.ActiveCfg = Debug|Any CPU
		{BD3B2152-29F8-4583-80D6-B7353EBB6B7F}.Release|Any CPU.ActiveCfg = Release|Any CPU
		{BD3B2152-29F8-4583-80D6-B7353EBB6B7F}.Release|Any CPU.Build.0 = Release|Any CPU
		{BD3B2152-29F8-4583-80D6-B7353EBB6B7F}.Release|Mixed Platforms.ActiveCfg = Release|Any CPU
		{BD3B2152-29F8-4583-80D6-B7353EBB6B7F}.Release|Mixed Platforms.Build.0 = Release|Any CPU
		{BD3B2152-29F8-4583-80D6-B7353EBB6B7F}.Release|Win32.ActiveCfg = Release|Any CPU
		{BD3B2152-29F8-4583-80D6-B7353EBB6B7F}.UITest|Any CPU.ActiveCfg = Release|Any CPU
		{BD3B2152-29F8-4583-80D6-B7353EBB6B7F}.UITest|Any CPU.Build.0 = Release|Any CPU
		{BD3B2152-29F8-4583-80D6-B7353EBB6B7F}.UITest|Mixed Platforms.ActiveCfg = Release|Any CPU
		{BD3B2152-29F8-4583-80D6-B7353EBB6B7F}.UITest|Mixed Platforms.Build.0 = Release|Any CPU
		{BD3B2152-29F8-4583-80D6-B7353EBB6B7F}.UITest|Win32.ActiveCfg = Release|Any CPU
	EndGlobalSection
	GlobalSection(SolutionProperties) = preSolution
		HideSolutionNode = FALSE
	EndGlobalSection
EndGlobal
